
Microsoft Visual Studio Solution File, Format Version 12.00
# Visual Studio Version 17
VisualStudioVersion = 17.5.33402.96
MinimumVisualStudioVersion = 10.0.40219.1
Project("{9A19103F-16F7-4668-BE54-9A1E7A4F7556}") = "HardwareHero.Filter", "HardwareHero.Filter\HardwareHero.Filter.csproj", "{D1697F46-EE32-4D9A-A30F-382AF9EB5C8E}"
EndProject
Project("{FAE04EC0-301F-11D3-BF4B-00C04F79EFBC}") = "Tests", "Tests\Tests.csproj", "{F611ED08-DF26-4F10-94F2-1415711017DB}"
EndProject
Global
	GlobalSection(SolutionConfigurationPlatforms) = preSolution
		Debug|Any CPU = Debug|Any CPU
		Release|Any CPU = Release|Any CPU
	EndGlobalSection
	GlobalSection(ProjectConfigurationPlatforms) = postSolution
		{D1697F46-EE32-4D9A-A30F-382AF9EB5C8E}.Debug|Any CPU.ActiveCfg = Debug|Any CPU
		{D1697F46-EE32-4D9A-A30F-382AF9EB5C8E}.Debug|Any CPU.Build.0 = Debug|Any CPU
		{D1697F46-EE32-4D9A-A30F-382AF9EB5C8E}.Release|Any CPU.ActiveCfg = Release|Any CPU
		{D1697F46-EE32-4D9A-A30F-382AF9EB5C8E}.Release|Any CPU.Build.0 = Release|Any CPU
		{F611ED08-DF26-4F10-94F2-1415711017DB}.Debug|Any CPU.ActiveCfg = Debug|Any CPU
		{F611ED08-DF26-4F10-94F2-1415711017DB}.Debug|Any CPU.Build.0 = Debug|Any CPU
		{F611ED08-DF26-4F10-94F2-1415711017DB}.Release|Any CPU.ActiveCfg = Release|Any CPU
		{F611ED08-DF26-4F10-94F2-1415711017DB}.Release|Any CPU.Build.0 = Release|Any CPU
	EndGlobalSection
	GlobalSection(SolutionProperties) = preSolution
		HideSolutionNode = FALSE
	EndGlobalSection
	GlobalSection(ExtensibilityGlobals) = postSolution
		SolutionGuid = {F2E6CA2F-07F2-400A-A50A-74914C13390D}
	EndGlobalSection
EndGlobal
